
Microsoft Visual Studio Solution File, Format Version 12.00
# Visual Studio 15
VisualStudioVersion = 15.0.26124.0
MinimumVisualStudioVersion = 15.0.26124.0
Project("{2150E333-8FDC-42A3-9474-1A3956D46DE8}") = "src", "src", "{CD8DC69F-4051-47A9-9F5B-3C1466F5BE45}"
EndProject
Project("{FAE04EC0-301F-11D3-BF4B-00C04F79EFBC}") = "SampleApi", "src\SampleApi\SampleApi.csproj", "{BA9DAB2C-45B8-41CA-B2A1-C31016E7F07C}"
EndProject
Global
	GlobalSection(SolutionConfigurationPlatforms) = preSolution
		Debug|Any CPU = Debug|Any CPU
		Debug|x64 = Debug|x64
		Debug|x86 = Debug|x86
		Release|Any CPU = Release|Any CPU
		Release|x64 = Release|x64
		Release|x86 = Release|x86
	EndGlobalSection
	GlobalSection(SolutionProperties) = preSolution
		HideSolutionNode = FALSE
	EndGlobalSection
	GlobalSection(ProjectConfigurationPlatforms) = postSolution
		{BA9DAB2C-45B8-41CA-B2A1-C31016E7F07C}.Debug|Any CPU.ActiveCfg = Debug|Any CPU
		{BA9DAB2C-45B8-41CA-B2A1-C31016E7F07C}.Debug|Any CPU.Build.0 = Debug|Any CPU
		{BA9DAB2C-45B8-41CA-B2A1-C31016E7F07C}.Debug|x64.ActiveCfg = Debug|Any CPU
		{BA9DAB2C-45B8-41CA-B2A1-C31016E7F07C}.Debug|x64.Build.0 = Debug|Any CPU
		{BA9DAB2C-45B8-41CA-B2A1-C31016E7F07C}.Debug|x86.ActiveCfg = Debug|Any CPU
		{BA9DAB2C-45B8-41CA-B2A1-C31016E7F07C}.Debug|x86.Build.0 = Debug|Any CPU
		{BA9DAB2C-45B8-41CA-B2A1-C31016E7F07C}.Release|Any CPU.ActiveCfg = Release|Any CPU
		{BA9DAB2C-45B8-41CA-B2A1-C31016E7F07C}.Release|Any CPU.Build.0 = Release|Any CPU
		{BA9DAB2C-45B8-41CA-B2A1-C31016E7F07C}.Release|x64.ActiveCfg = Release|Any CPU
		{BA9DAB2C-45B8-41CA-B2A1-C31016E7F07C}.Release|x64.Build.0 = Release|Any CPU
		{BA9DAB2C-45B8-41CA-B2A1-C31016E7F07C}.Release|x86.ActiveCfg = Release|Any CPU
		{BA9DAB2C-45B8-41CA-B2A1-C31016E7F07C}.Release|x86.Build.0 = Release|Any CPU
	EndGlobalSection
	GlobalSection(NestedProjects) = preSolution
		{BA9DAB2C-45B8-41CA-B2A1-C31016E7F07C} = {CD8DC69F-4051-47A9-9F5B-3C1466F5BE45}
	EndGlobalSection
EndGlobal
